
Microsoft Visual Studio Solution File, Format Version 12.00
# Visual Studio Version 17
VisualStudioVersion = 17.11.35219.272
MinimumVisualStudioVersion = 10.0.40219.1
Project("{FAE04EC0-301F-11D3-BF4B-00C04F79EFBC}") = "FanKit.Transformers", "FanKit.Transformers\FanKit.Transformers.csproj", "{A98A4671-07F5-46C7-BAD2-9FA0242D2855}"
EndProject
Project("{FAE04EC0-301F-11D3-BF4B-00C04F79EFBC}") = "FanKit.Transformers.TestApp", "FanKit.Transformers.TestApp\FanKit.Transformers.TestApp.csproj", "{16404AC2-A6FC-45ED-B988-AC73D6CAF40E}"
EndProject
Project("{2150E333-8FDC-42A3-9474-1A3956D46DE8}") = "Root", "Root", "{0D925E0B-2056-4CE2-A090-91C055613F2F}"
	ProjectSection(SolutionItems) = preProject
		LICENSE = LICENSE
		README-EN.md = README-EN.md
		README-ZH.md = README-ZH.md
		README.md = README.md
	EndProjectSection
EndProject
Project("{2150E333-8FDC-42A3-9474-1A3956D46DE8}") = "ScreenShot", "ScreenShot", "{EE1711F5-9129-4531-81C3-CCA88B0F1A6F}"
	ProjectSection(SolutionItems) = preProject
		ScreenShot\logo.png = ScreenShot\logo.png
		ScreenShot\ScreenShot001.jpg = ScreenShot\ScreenShot001.jpg
		ScreenShot\Thumbnails000.jpg = ScreenShot\Thumbnails000.jpg
		ScreenShot\Thumbnails001.jpg = ScreenShot\Thumbnails001.jpg
		ScreenShot\Thumbnails002.jpg = ScreenShot\Thumbnails002.jpg
	EndProjectSection
EndProject
Global
	GlobalSection(SolutionConfigurationPlatforms) = preSolution
		Debug|Any CPU = Debug|Any CPU
		Debug|ARM = Debug|ARM
		Debug|x64 = Debug|x64
		Debug|x86 = Debug|x86
		Release|Any CPU = Release|Any CPU
		Release|ARM = Release|ARM
		Release|x64 = Release|x64
		Release|x86 = Release|x86
	EndGlobalSection
	GlobalSection(ProjectConfigurationPlatforms) = postSolution
		{A98A4671-07F5-46C7-BAD2-9FA0242D2855}.Debug|Any CPU.ActiveCfg = Debug|Any CPU
		{A98A4671-07F5-46C7-BAD2-9FA0242D2855}.Debug|Any CPU.Build.0 = Debug|Any CPU
		{A98A4671-07F5-46C7-BAD2-9FA0242D2855}.Debug|ARM.ActiveCfg = Debug|ARM
		{A98A4671-07F5-46C7-BAD2-9FA0242D2855}.Debug|ARM.Build.0 = Debug|ARM
		{A98A4671-07F5-46C7-BAD2-9FA0242D2855}.Debug|x64.ActiveCfg = Debug|x64
		{A98A4671-07F5-46C7-BAD2-9FA0242D2855}.Debug|x64.Build.0 = Debug|x64
		{A98A4671-07F5-46C7-BAD2-9FA0242D2855}.Debug|x86.ActiveCfg = Debug|x86
		{A98A4671-07F5-46C7-BAD2-9FA0242D2855}.Debug|x86.Build.0 = Debug|x86
		{A98A4671-07F5-46C7-BAD2-9FA0242D2855}.Release|Any CPU.ActiveCfg = Release|Any CPU
		{A98A4671-07F5-46C7-BAD2-9FA0242D2855}.Release|Any CPU.Build.0 = Release|Any CPU
		{A98A4671-07F5-46C7-BAD2-9FA0242D2855}.Release|ARM.ActiveCfg = Release|ARM
		{A98A4671-07F5-46C7-BAD2-9FA0242D2855}.Release|ARM.Build.0 = Release|ARM
		{A98A4671-07F5-46C7-BAD2-9FA0242D2855}.Release|x64.ActiveCfg = Release|x64
		{A98A4671-07F5-46C7-BAD2-9FA0242D2855}.Release|x64.Build.0 = Release|x64
		{A98A4671-07F5-46C7-BAD2-9FA0242D2855}.Release|x86.ActiveCfg = Release|x86
		{A98A4671-07F5-46C7-BAD2-9FA0242D2855}.Release|x86.Build.0 = Release|x86
		{16404AC2-A6FC-45ED-B988-AC73D6CAF40E}.Debug|Any CPU.ActiveCfg = Debug|x86
		{16404AC2-A6FC-45ED-B988-AC73D6CAF40E}.Debug|ARM.ActiveCfg = Debug|ARM
		{16404AC2-A6FC-45ED-B988-AC73D6CAF40E}.Debug|ARM.Build.0 = Debug|ARM
		{16404AC2-A6FC-45ED-B988-AC73D6CAF40E}.Debug|ARM.Deploy.0 = Debug|ARM
		{16404AC2-A6FC-45ED-B988-AC73D6CAF40E}.Debug|x64.ActiveCfg = Debug|x64
		{16404AC2-A6FC-45ED-B988-AC73D6CAF40E}.Debug|x64.Build.0 = Debug|x64
		{16404AC2-A6FC-45ED-B988-AC73D6CAF40E}.Debug|x64.Deploy.0 = Debug|x64
		{16404AC2-A6FC-45ED-B988-AC73D6CAF40E}.Debug|x86.ActiveCfg = Debug|x86
		{16404AC2-A6FC-45ED-B988-AC73D6CAF40E}.Debug|x86.Build.0 = Debug|x86
		{16404AC2-A6FC-45ED-B988-AC73D6CAF40E}.Debug|x86.Deploy.0 = Debug|x86
		{16404AC2-A6FC-45ED-B988-AC73D6CAF40E}.Release|Any CPU.ActiveCfg = Release|x86
		{16404AC2-A6FC-45ED-B988-AC73D6CAF40E}.Release|ARM.ActiveCfg = Release|ARM
		{16404AC2-A6FC-45ED-B988-AC73D6CAF40E}.Release|ARM.Build.0 = Release|ARM
		{16404AC2-A6FC-45ED-B988-AC73D6CAF40E}.Release|ARM.Deploy.0 = Release|ARM
		{16404AC2-A6FC-45ED-B988-AC73D6CAF40E}.Release|x64.ActiveCfg = Release|x64
		{16404AC2-A6FC-45ED-B988-AC73D6CAF40E}.Release|x64.Build.0 = Release|x64
		{16404AC2-A6FC-45ED-B988-AC73D6CAF40E}.Release|x64.Deploy.0 = Release|x64
		{16404AC2-A6FC-45ED-B988-AC73D6CAF40E}.Release|x86.ActiveCfg = Release|x86
		{16404AC2-A6FC-45ED-B988-AC73D6CAF40E}.Release|x86.Build.0 = Release|x86
		{16404AC2-A6FC-45ED-B988-AC73D6CAF40E}.Release|x86.Deploy.0 = Release|x86
	EndGlobalSection
	GlobalSection(SolutionProperties) = preSolution
		HideSolutionNode = FALSE
	EndGlobalSection
	GlobalSection(NestedProjects) = preSolution
		{EE1711F5-9129-4531-81C3-CCA88B0F1A6F} = {0D925E0B-2056-4CE2-A090-91C055613F2F}
	EndGlobalSection
	GlobalSection(ExtensibilityGlobals) = postSolution
		SolutionGuid = {993D467C-8458-44E1-B224-49FDA3DC26D7}
	EndGlobalSection
EndGlobal
